Microsoft Visual Studio Solution File, Format Version 12.00
# Visual Studio Version 17
VisualStudioVersion = 17.0.31314.256
MinimumVisualStudioVersion = 10.0.40219.1
Project("{2150E333-8FDC-42A3-9474-1A3956D46DE8}") = "Engine", "Engine", "{233774A8-CC9D-3FA9-86D1-90573E92B704}"
EndProject
Project("{2150E333-8FDC-42A3-9474-1A3956D46DE8}") = "Games", "Games", "{DE1F8B53-6C02-3C13-9101-A7C8D96F3FF6}"
EndProject
Project("{8BC9CEB8-8B4A-11D0-8D11-00A0C91BC942}") = "ThirdPerson", "Intermediate\ProjectFiles\ThirdPerson.vcxproj", "{30A1677D-74E3-3C58-B397-85226DAF09DE}"
	ProjectSection(ProjectDependencies) = postProject
		{A21A7E4D-AC74-4452-99C5-81A975AAEFEC} = {A21A7E4D-AC74-4452-99C5-81A975AAEFEC}
	EndProjectSection
EndProject
Project("{8BC9CEB8-8B4A-11D0-8D11-00A0C91BC942}") = "UE5", "Intermediate\ProjectFiles\UE5.vcxproj", "{C52E9662-EFDB-3885-89DA-2FD1BA4D9722}"
EndProject
Project("{2150E333-8FDC-42A3-9474-1A3956D46DE8}") = "Visualizers", "Visualizers", "{1CCEC849-CC72-4C59-8C36-2F7C38706D4C}"
	ProjectSection(SolutionItems) = preProject
		..\..\Engines\UE_5.2\Engine\Extras\VisualStudioDebugging\Unreal.natvis = ..\..\Engines\UE_5.2\Engine\Extras\VisualStudioDebugging\Unreal.natvis
	EndProjectSection
EndProject
Project("{2150E333-8FDC-42A3-9474-1A3956D46DE8}") = "CsToCpp", "CsToCpp", "{586F55DC-44C6-467A-B82E-70E9540E68F3}"
EndProject
Project("{9A19103F-16F7-4668-BE54-9A1E7A4F7556}") = "CSharpToCpp.Utilities", "Plugins\CsToCpp\Compiler\CSharpToCpp.Utilities\CSharpToCpp.Utilities.csproj", "{B54368A7-B637-4EB7-8E28-AF693D2C04E7}"
EndProject
Project("{9A19103F-16F7-4668-BE54-9A1E7A4F7556}") = "GameFramework", "Plugins\CsToCpp\Compiler\GameFramework5_2\GameFramework\GameFramework.csproj", "{64D3EDAD-5DF6-41D5-89A4-B679354E3CD7}"
EndProject
Project("{9A19103F-16F7-4668-BE54-9A1E7A4F7556}") = "Game", "Source\ThirdPerson\Game\Game.csproj", "{A21A7E4D-AC74-4452-99C5-81A975AAEFEC}"
EndProject
Project("{6EC3EE1D-3C4E-46DD-8F32-0CC8E7565705}") = "CSharpToCpp", "Plugins\CsToCpp\Compiler\CSharpToCpp\CSharpToCpp.fsproj", "{3BADF407-87C4-4693-B208-75F0670BA7CA}"
EndProject
Global
	GlobalSection(SolutionConfigurationPlatforms) = preSolution
		Debug|Any CPU = Debug|Any CPU
		Debug|Win64 = Debug|Win64
		DebugGame Editor|Any CPU = DebugGame Editor|Any CPU
		DebugGame Editor|Win64 = DebugGame Editor|Win64
		DebugGame|Any CPU = DebugGame|Any CPU
		DebugGame|Win64 = DebugGame|Win64
		Development Editor|Any CPU = Development Editor|Any CPU
		Development Editor|Win64 = Development Editor|Win64
		Development|Any CPU = Development|Any CPU
		Development|Win64 = Development|Win64
		Release|Any CPU = Release|Any CPU
		Release|Win64 = Release|Win64
		Shipping|Any CPU = Shipping|Any CPU
		Shipping|Win64 = Shipping|Win64
	EndGlobalSection
	GlobalSection(ProjectConfigurationPlatforms) = postSolution
		{30A1677D-74E3-3C58-B397-85226DAF09DE}.Debug|Any CPU.ActiveCfg = Development|x64
		{30A1677D-74E3-3C58-B397-85226DAF09DE}.Debug|Any CPU.Build.0 = Development|x64
		{30A1677D-74E3-3C58-B397-85226DAF09DE}.Debug|Win64.ActiveCfg = Development|x64
		{30A1677D-74E3-3C58-B397-85226DAF09DE}.Debug|Win64.Build.0 = Development|x64
		{30A1677D-74E3-3C58-B397-85226DAF09DE}.DebugGame Editor|Any CPU.ActiveCfg = Development_Editor|x64
		{30A1677D-74E3-3C58-B397-85226DAF09DE}.DebugGame Editor|Any CPU.Build.0 = Development_Editor|x64
		{30A1677D-74E3-3C58-B397-85226DAF09DE}.DebugGame Editor|Win64.ActiveCfg = DebugGame_Editor|x64
		{30A1677D-74E3-3C58-B397-85226DAF09DE}.DebugGame Editor|Win64.Build.0 = DebugGame_Editor|x64
		{30A1677D-74E3-3C58-B397-85226DAF09DE}.DebugGame|Any CPU.ActiveCfg = DebugGame|x64
		{30A1677D-74E3-3C58-B397-85226DAF09DE}.DebugGame|Any CPU.Build.0 = DebugGame|x64
		{30A1677D-74E3-3C58-B397-85226DAF09DE}.DebugGame|Win64.ActiveCfg = DebugGame|x64
		{30A1677D-74E3-3C58-B397-85226DAF09DE}.DebugGame|Win64.Build.0 = DebugGame|x64
		{30A1677D-74E3-3C58-B397-85226DAF09DE}.Development Editor|Any CPU.ActiveCfg = Development_Editor|x64
		{30A1677D-74E3-3C58-B397-85226DAF09DE}.Development Editor|Any CPU.Build.0 = Development_Editor|x64
		{30A1677D-74E3-3C58-B397-85226DAF09DE}.Development Editor|Win64.ActiveCfg = Development_Editor|x64
		{30A1677D-74E3-3C58-B397-85226DAF09DE}.Development Editor|Win64.Build.0 = Development_Editor|x64
		{30A1677D-74E3-3C58-B397-85226DAF09DE}.Development|Any CPU.ActiveCfg = Development|x64
		{30A1677D-74E3-3C58-B397-85226DAF09DE}.Development|Any CPU.Build.0 = Development|x64
		{30A1677D-74E3-3C58-B397-85226DAF09DE}.Development|Win64.ActiveCfg = Development|x64
		{30A1677D-74E3-3C58-B397-85226DAF09DE}.Development|Win64.Build.0 = Development|x64
		{30A1677D-74E3-3C58-B397-85226DAF09DE}.Release|Any CPU.ActiveCfg = Invalid|x64
		{30A1677D-74E3-3C58-B397-85226DAF09DE}.Release|Any CPU.Build.0 = Invalid|x64
		{30A1677D-74E3-3C58-B397-85226DAF09DE}.Release|Win64.ActiveCfg = Invalid|x64
		{30A1677D-74E3-3C58-B397-85226DAF09DE}.Release|Win64.Build.0 = Invalid|x64
		{30A1677D-74E3-3C58-B397-85226DAF09DE}.Shipping|Any CPU.ActiveCfg = Shipping|x64
		{30A1677D-74E3-3C58-B397-85226DAF09DE}.Shipping|Any CPU.Build.0 = Shipping|x64
		{30A1677D-74E3-3C58-B397-85226DAF09DE}.Shipping|Win64.ActiveCfg = Shipping|x64
		{30A1677D-74E3-3C58-B397-85226DAF09DE}.Shipping|Win64.Build.0 = Shipping|x64
		{C52E9662-EFDB-3885-89DA-2FD1BA4D9722}.Debug|Any CPU.ActiveCfg = Invalid|Win64
		{C52E9662-EFDB-3885-89DA-2FD1BA4D9722}.Debug|Any CPU.Build.0 = Invalid|Win64
		{C52E9662-EFDB-3885-89DA-2FD1BA4D9722}.Debug|Win64.ActiveCfg = Invalid|Win64
		{C52E9662-EFDB-3885-89DA-2FD1BA4D9722}.Debug|Win64.Build.0 = Invalid|Win64
		{C52E9662-EFDB-3885-89DA-2FD1BA4D9722}.DebugGame Editor|Any CPU.ActiveCfg = Invalid|Win64
		{C52E9662-EFDB-3885-89DA-2FD1BA4D9722}.DebugGame Editor|Any CPU.Build.0 = Invalid|Win64
		{C52E9662-EFDB-3885-89DA-2FD1BA4D9722}.DebugGame Editor|Win64.ActiveCfg = BuiltWithUnrealBuildTool|Win64
		{C52E9662-EFDB-3885-89DA-2FD1BA4D9722}.DebugGame|Any CPU.ActiveCfg = Invalid|Win64
		{C52E9662-EFDB-3885-89DA-2FD1BA4D9722}.DebugGame|Any CPU.Build.0 = Invalid|Win64
		{C52E9662-EFDB-3885-89DA-2FD1BA4D9722}.DebugGame|Win64.ActiveCfg = BuiltWithUnrealBuildTool|Win64
		{C52E9662-EFDB-3885-89DA-2FD1BA4D9722}.Development Editor|Any CPU.ActiveCfg = Invalid|Win64
		{C52E9662-EFDB-3885-89DA-2FD1BA4D9722}.Development Editor|Any CPU.Build.0 = Invalid|Win64
		{C52E9662-EFDB-3885-89DA-2FD1BA4D9722}.Development Editor|Win64.ActiveCfg = BuiltWithUnrealBuildTool|Win64
		{C52E9662-EFDB-3885-89DA-2FD1BA4D9722}.Development|Any CPU.ActiveCfg = Invalid|Win64
		{C52E9662-EFDB-3885-89DA-2FD1BA4D9722}.Development|Any CPU.Build.0 = Invalid|Win64
		{C52E9662-EFDB-3885-89DA-2FD1BA4D9722}.Development|Win64.ActiveCfg = BuiltWithUnrealBuildTool|Win64
		{C52E9662-EFDB-3885-89DA-2FD1BA4D9722}.Release|Any CPU.ActiveCfg = Invalid|Win64
		{C52E9662-EFDB-3885-89DA-2FD1BA4D9722}.Release|Any CPU.Build.0 = Invalid|Win64
		{C52E9662-EFDB-3885-89DA-2FD1BA4D9722}.Release|Win64.ActiveCfg = Invalid|Win64
		{C52E9662-EFDB-3885-89DA-2FD1BA4D9722}.Release|Win64.Build.0 = Invalid|Win64
		{C52E9662-EFDB-3885-89DA-2FD1BA4D9722}.Shipping|Any CPU.ActiveCfg = Invalid|Win64
		{C52E9662-EFDB-3885-89DA-2FD1BA4D9722}.Shipping|Any CPU.Build.0 = Invalid|Win64
		{C52E9662-EFDB-3885-89DA-2FD1BA4D9722}.Shipping|Win64.ActiveCfg = BuiltWithUnrealBuildTool|Win64
		{B54368A7-B637-4EB7-8E28-AF693D2C04E7}.Debug|Any CPU.ActiveCfg = Debug|Any CPU
		{B54368A7-B637-4EB7-8E28-AF693D2C04E7}.Debug|Any CPU.Build.0 = Debug|Any CPU
		{B54368A7-B637-4EB7-8E28-AF693D2C04E7}.Debug|Win64.ActiveCfg = Debug|Any CPU
		{B54368A7-B637-4EB7-8E28-AF693D2C04E7}.Debug|Win64.Build.0 = Debug|Any CPU
		{B54368A7-B637-4EB7-8E28-AF693D2C04E7}.DebugGame Editor|Any CPU.ActiveCfg = Debug|Any CPU
		{B54368A7-B637-4EB7-8E28-AF693D2C04E7}.DebugGame Editor|Any CPU.Build.0 = Debug|Any CPU
		{B54368A7-B637-4EB7-8E28-AF693D2C04E7}.DebugGame Editor|Win64.ActiveCfg = Debug|Any CPU
		{B54368A7-B637-4EB7-8E28-AF693D2C04E7}.DebugGame Editor|Win64.Build.0 = Debug|Any CPU
		{B54368A7-B637-4EB7-8E28-AF693D2C04E7}.DebugGame|Any CPU.ActiveCfg = Debug|Any CPU
		{B54368A7-B637-4EB7-8E28-AF693D2C04E7}.DebugGame|Any CPU.Build.0 = Debug|Any CPU
		{B54368A7-B637-4EB7-8E28-AF693D2C04E7}.DebugGame|Win64.ActiveCfg = Debug|Any CPU
		{B54368A7-B637-4EB7-8E28-AF693D2C04E7}.DebugGame|Win64.Build.0 = Debug|Any CPU
		{B54368A7-B637-4EB7-8E28-AF693D2C04E7}.Development Editor|Any CPU.ActiveCfg = Debug|Any CPU
		{B54368A7-B637-4EB7-8E28-AF693D2C04E7}.Development Editor|Any CPU.Build.0 = Debug|Any CPU
		{B54368A7-B637-4EB7-8E28-AF693D2C04E7}.Development Editor|Win64.ActiveCfg = Debug|Any CPU
		{B54368A7-B637-4EB7-8E28-AF693D2C04E7}.Development Editor|Win64.Build.0 = Debug|Any CPU
		{B54368A7-B637-4EB7-8E28-AF693D2C04E7}.Development|Any CPU.ActiveCfg = Debug|Any CPU
		{B54368A7-B637-4EB7-8E28-AF693D2C04E7}.Development|Any CPU.Build.0 = Debug|Any CPU
		{B54368A7-B637-4EB7-8E28-AF693D2C04E7}.Development|Win64.ActiveCfg = Debug|Any CPU
		{B54368A7-B637-4EB7-8E28-AF693D2C04E7}.Development|Win64.Build.0 = Debug|Any CPU
		{B54368A7-B637-4EB7-8E28-AF693D2C04E7}.Release|Any CPU.ActiveCfg = Release|Any CPU
		{B54368A7-B637-4EB7-8E28-AF693D2C04E7}.Release|Any CPU.Build.0 = Release|Any CPU
		{B54368A7-B637-4EB7-8E28-AF693D2C04E7}.Release|Win64.ActiveCfg = Release|Any CPU
		{B54368A7-B637-4EB7-8E28-AF693D2C04E7}.Release|Win64.Build.0 = Release|Any CPU
		{B54368A7-B637-4EB7-8E28-AF693D2C04E7}.Shipping|Any CPU.ActiveCfg = Debug|Any CPU
		{B54368A7-B637-4EB7-8E28-AF693D2C04E7}.Shipping|Any CPU.Build.0 = Debug|Any CPU
		{B54368A7-B637-4EB7-8E28-AF693D2C04E7}.Shipping|Win64.ActiveCfg = Debug|Any CPU
		{B54368A7-B637-4EB7-8E28-AF693D2C04E7}.Shipping|Win64.Build.0 = Debug|Any CPU
		{64D3EDAD-5DF6-41D5-89A4-B679354E3CD7}.Debug|Any CPU.ActiveCfg = Debug|Any CPU
		{64D3EDAD-5DF6-41D5-89A4-B679354E3CD7}.Debug|Any CPU.Build.0 = Debug|Any CPU
		{64D3EDAD-5DF6-41D5-89A4-B679354E3CD7}.Debug|Win64.ActiveCfg = Debug|Any CPU
		{64D3EDAD-5DF6-41D5-89A4-B679354E3CD7}.Debug|Win64.Build.0 = Debug|Any CPU
		{64D3EDAD-5DF6-41D5-89A4-B679354E3CD7}.DebugGame Editor|Any CPU.ActiveCfg = Debug|Any CPU
		{64D3EDAD-5DF6-41D5-89A4-B679354E3CD7}.DebugGame Editor|Any CPU.Build.0 = Debug|Any CPU
		{64D3EDAD-5DF6-41D5-89A4-B679354E3CD7}.DebugGame Editor|Win64.ActiveCfg = Debug|Any CPU
		{64D3EDAD-5DF6-41D5-89A4-B679354E3CD7}.DebugGame Editor|Win64.Build.0 = Debug|Any CPU
		{64D3EDAD-5DF6-41D5-89A4-B679354E3CD7}.DebugGame|Any CPU.ActiveCfg = Debug|Any CPU
		{64D3EDAD-5DF6-41D5-89A4-B679354E3CD7}.DebugGame|Any CPU.Build.0 = Debug|Any CPU
		{64D3EDAD-5DF6-41D5-89A4-B679354E3CD7}.DebugGame|Win64.ActiveCfg = Debug|Any CPU
		{64D3EDAD-5DF6-41D5-89A4-B679354E3CD7}.DebugGame|Win64.Build.0 = Debug|Any CPU
		{64D3EDAD-5DF6-41D5-89A4-B679354E3CD7}.Development Editor|Any CPU.ActiveCfg = Debug|Any CPU
		{64D3EDAD-5DF6-41D5-89A4-B679354E3CD7}.Development Editor|Any CPU.Build.0 = Debug|Any CPU
		{64D3EDAD-5DF6-41D5-89A4-B679354E3CD7}.Development Editor|Win64.ActiveCfg = Debug|Any CPU
		{64D3EDAD-5DF6-41D5-89A4-B679354E3CD7}.Development Editor|Win64.Build.0 = Debug|Any CPU
		{64D3EDAD-5DF6-41D5-89A4-B679354E3CD7}.Development|Any CPU.ActiveCfg = Debug|Any CPU
		{64D3EDAD-5DF6-41D5-89A4-B679354E3CD7}.Development|Any CPU.Build.0 = Debug|Any CPU
		{64D3EDAD-5DF6-41D5-89A4-B679354E3CD7}.Development|Win64.ActiveCfg = Debug|Any CPU
		{64D3EDAD-5DF6-41D5-89A4-B679354E3CD7}.Development|Win64.Build.0 = Debug|Any CPU
		{64D3EDAD-5DF6-41D5-89A4-B679354E3CD7}.Release|Any CPU.ActiveCfg = Release|Any CPU
		{64D3EDAD-5DF6-41D5-89A4-B679354E3CD7}.Release|Any CPU.Build.0 = Release|Any CPU
		{64D3EDAD-5DF6-41D5-89A4-B679354E3CD7}.Release|Win64.ActiveCfg = Release|Any CPU
		{64D3EDAD-5DF6-41D5-89A4-B679354E3CD7}.Release|Win64.Build.0 = Release|Any CPU
		{64D3EDAD-5DF6-41D5-89A4-B679354E3CD7}.Shipping|Any CPU.ActiveCfg = Debug|Any CPU
		{64D3EDAD-5DF6-41D5-89A4-B679354E3CD7}.Shipping|Any CPU.Build.0 = Debug|Any CPU
		{64D3EDAD-5DF6-41D5-89A4-B679354E3CD7}.Shipping|Win64.ActiveCfg = Debug|Any CPU
		{64D3EDAD-5DF6-41D5-89A4-B679354E3CD7}.Shipping|Win64.Build.0 = Debug|Any CPU
		{A21A7E4D-AC74-4452-99C5-81A975AAEFEC}.Debug|Any CPU.ActiveCfg = Debug|Any CPU
		{A21A7E4D-AC74-4452-99C5-81A975AAEFEC}.Debug|Any CPU.Build.0 = Debug|Any CPU
		{A21A7E4D-AC74-4452-99C5-81A975AAEFEC}.Debug|Win64.ActiveCfg = Debug|Any CPU
		{A21A7E4D-AC74-4452-99C5-81A975AAEFEC}.Debug|Win64.Build.0 = Debug|Any CPU
		{A21A7E4D-AC74-4452-99C5-81A975AAEFEC}.DebugGame Editor|Any CPU.ActiveCfg = Debug|Any CPU
		{A21A7E4D-AC74-4452-99C5-81A975AAEFEC}.DebugGame Editor|Any CPU.Build.0 = Debug|Any CPU
		{A21A7E4D-AC74-4452-99C5-81A975AAEFEC}.DebugGame Editor|Win64.ActiveCfg = Debug|Any CPU
		{A21A7E4D-AC74-4452-99C5-81A975AAEFEC}.DebugGame Editor|Win64.Build.0 = Debug|Any CPU
		{A21A7E4D-AC74-4452-99C5-81A975AAEFEC}.DebugGame|Any CPU.ActiveCfg = Debug|Any CPU
		{A21A7E4D-AC74-4452-99C5-81A975AAEFEC}.DebugGame|Any CPU.Build.0 = Debug|Any CPU
		{A21A7E4D-AC74-4452-99C5-81A975AAEFEC}.DebugGame|Win64.ActiveCfg = Debug|Any CPU
		{A21A7E4D-AC74-4452-99C5-81A975AAEFEC}.DebugGame|Win64.Build.0 = Debug|Any CPU
		{A21A7E4D-AC74-4452-99C5-81A975AAEFEC}.Development Editor|Any CPU.ActiveCfg = Debug|Any CPU
		{A21A7E4D-AC74-4452-99C5-81A975AAEFEC}.Development Editor|Any CPU.Build.0 = Debug|Any CPU
		{A21A7E4D-AC74-4452-99C5-81A975AAEFEC}.Development Editor|Win64.ActiveCfg = Debug|Any CPU
		{A21A7E4D-AC74-4452-99C5-81A975AAEFEC}.Development Editor|Win64.Build.0 = Debug|Any CPU
		{A21A7E4D-AC74-4452-99C5-81A975AAEFEC}.Development|Any CPU.ActiveCfg = Debug|Any CPU
		{A21A7E4D-AC74-4452-99C5-81A975AAEFEC}.Development|Any CPU.Build.0 = Debug|Any CPU
		{A21A7E4D-AC74-4452-99C5-81A975AAEFEC}.Development|Win64.ActiveCfg = Debug|Any CPU
		{A21A7E4D-AC74-4452-99C5-81A975AAEFEC}.Development|Win64.Build.0 = Debug|Any CPU
		{A21A7E4D-AC74-4452-99C5-81A975AAEFEC}.Release|Any CPU.ActiveCfg = Release|Any CPU
		{A21A7E4D-AC74-4452-99C5-81A975AAEFEC}.Release|Any CPU.Build.0 = Release|Any CPU
		{A21A7E4D-AC74-4452-99C5-81A975AAEFEC}.Release|Win64.ActiveCfg = Release|Any CPU
		{A21A7E4D-AC74-4452-99C5-81A975AAEFEC}.Release|Win64.Build.0 = Release|Any CPU
		{A21A7E4D-AC74-4452-99C5-81A975AAEFEC}.Shipping|Any CPU.ActiveCfg = Debug|Any CPU
		{A21A7E4D-AC74-4452-99C5-81A975AAEFEC}.Shipping|Any CPU.Build.0 = Debug|Any CPU
		{A21A7E4D-AC74-4452-99C5-81A975AAEFEC}.Shipping|Win64.ActiveCfg = Debug|Any CPU
		{A21A7E4D-AC74-4452-99C5-81A975AAEFEC}.Shipping|Win64.Build.0 = Debug|Any CPU
		{3BADF407-87C4-4693-B208-75F0670BA7CA}.Debug|Any CPU.ActiveCfg = Debug|Any CPU
		{3BADF407-87C4-4693-B208-75F0670BA7CA}.Debug|Any CPU.Build.0 = Debug|Any CPU
		{3BADF407-87C4-4693-B208-75F0670BA7CA}.Debug|Win64.ActiveCfg = Debug|Any CPU
		{3BADF407-87C4-4693-B208-75F0670BA7CA}.Debug|Win64.Build.0 = Debug|Any CPU
		{3BADF407-87C4-4693-B208-75F0670BA7CA}.DebugGame Editor|Any CPU.ActiveCfg = Debug|Any CPU
		{3BADF407-87C4-4693-B208-75F0670BA7CA}.DebugGame Editor|Any CPU.Build.0 = Debug|Any CPU
		{3BADF407-87C4-4693-B208-75F0670BA7CA}.DebugGame Editor|Win64.ActiveCfg = Debug|Any CPU
		{3BADF407-87C4-4693-B208-75F0670BA7CA}.DebugGame Editor|Win64.Build.0 = Debug|Any CPU
		{3BADF407-87C4-4693-B208-75F0670BA7CA}.DebugGame|Any CPU.ActiveCfg = Debug|Any CPU
		{3BADF407-87C4-4693-B208-75F0670BA7CA}.DebugGame|Any CPU.Build.0 = Debug|Any CPU
		{3BADF407-87C4-4693-B208-75F0670BA7CA}.DebugGame|Win64.ActiveCfg = Debug|Any CPU
		{3BADF407-87C4-4693-B208-75F0670BA7CA}.DebugGame|Win64.Build.0 = Debug|Any CPU
		{3BADF407-87C4-4693-B208-75F0670BA7CA}.Development Editor|Any CPU.ActiveCfg = Debug|Any CPU
		{3BADF407-87C4-4693-B208-75F0670BA7CA}.Development Editor|Any CPU.Build.0 = Debug|Any CPU
		{3BADF407-87C4-4693-B208-75F0670BA7CA}.Development Editor|Win64.ActiveCfg = Debug|Any CPU
		{3BADF407-87C4-4693-B208-75F0670BA7CA}.Development Editor|Win64.Build.0 = Debug|Any CPU
		{3BADF407-87C4-4693-B208-75F0670BA7CA}.Development|Any CPU.ActiveCfg = Debug|Any CPU
		{3BADF407-87C4-4693-B208-75F0670BA7CA}.Development|Any CPU.Build.0 = Debug|Any CPU
		{3BADF407-87C4-4693-B208-75F0670BA7CA}.Development|Win64.ActiveCfg = Debug|Any CPU
		{3BADF407-87C4-4693-B208-75F0670BA7CA}.Development|Win64.Build.0 = Debug|Any CPU
		{3BADF407-87C4-4693-B208-75F0670BA7CA}.Release|Any CPU.ActiveCfg = Release|Any CPU
		{3BADF407-87C4-4693-B208-75F0670BA7CA}.Release|Any CPU.Build.0 = Release|Any CPU
		{3BADF407-87C4-4693-B208-75F0670BA7CA}.Release|Win64.ActiveCfg = Release|Any CPU
		{3BADF407-87C4-4693-B208-75F0670BA7CA}.Release|Win64.Build.0 = Release|Any CPU
		{3BADF407-87C4-4693-B208-75F0670BA7CA}.Shipping|Any CPU.ActiveCfg = Debug|Any CPU
		{3BADF407-87C4-4693-B208-75F0670BA7CA}.Shipping|Any CPU.Build.0 = Debug|Any CPU
		{3BADF407-87C4-4693-B208-75F0670BA7CA}.Shipping|Win64.ActiveCfg = Debug|Any CPU
		{3BADF407-87C4-4693-B208-75F0670BA7CA}.Shipping|Win64.Build.0 = Debug|Any CPU
	EndGlobalSection
	GlobalSection(SolutionProperties) = preSolution
		HideSolutionNode = FALSE
	EndGlobalSection
	GlobalSection(NestedProjects) = preSolution
		{30A1677D-74E3-3C58-B397-85226DAF09DE} = {DE1F8B53-6C02-3C13-9101-A7C8D96F3FF6}
		{C52E9662-EFDB-3885-89DA-2FD1BA4D9722} = {233774A8-CC9D-3FA9-86D1-90573E92B704}
		{B54368A7-B637-4EB7-8E28-AF693D2C04E7} = {586F55DC-44C6-467A-B82E-70E9540E68F3}
		{64D3EDAD-5DF6-41D5-89A4-B679354E3CD7} = {586F55DC-44C6-467A-B82E-70E9540E68F3}
		{A21A7E4D-AC74-4452-99C5-81A975AAEFEC} = {DE1F8B53-6C02-3C13-9101-A7C8D96F3FF6}
		{3BADF407-87C4-4693-B208-75F0670BA7CA} = {586F55DC-44C6-467A-B82E-70E9540E68F3}
	EndGlobalSection
	GlobalSection(ExtensibilityGlobals) = postSolution
		SolutionGuid = {9A00EBD1-EDEE-4588-9374-EA98A0DCF48C}
	EndGlobalSection
	GlobalSection(ddbf523f-7eb6-4887-bd51-85a714ff87eb) = preSolution
		AvailablePlatforms = Win64
	EndGlobalSection
EndGlobal
